// !$*UTF8*$!
{
	archiveVersion = 1;
	classes = {
	};
	objectVersion = 56;
	objects = {

/* Begin PBXBuildFile section */
		C11B9F372A5C372100FC656F /* ProfileView.swift in Sources */ = {isa = PBXBuildFile; fileRef = C11B9F362A5C372100FC656F /* ProfileView.swift */; };
		C11B9F3A2A5C37B300FC656F /* TabbarView.swift in Sources */ = {isa = PBXBuildFile; fileRef = C11B9F392A5C37B300FC656F /* TabbarView.swift */; };
		C13C47BE2A33AAE5005C90AB /* TimerBuilder.swift in Sources */ = {isa = PBXBuildFile; fileRef = C13C47BD2A33AAE5005C90AB /* TimerBuilder.swift */; };
		C13C47C02A33AAF0005C90AB /* TimerView.swift in Sources */ = {isa = PBXBuildFile; fileRef = C13C47BF2A33AAF0005C90AB /* TimerView.swift */; };
		C13C47C22A33AB00005C90AB /* TimerProtocols.swift in Sources */ = {isa = PBXBuildFile; fileRef = C13C47C12A33AB00005C90AB /* TimerProtocols.swift */; };
		C13C47C42A33AB0B005C90AB /* TimerViewModel.swift in Sources */ = {isa = PBXBuildFile; fileRef = C13C47C32A33AB0B005C90AB /* TimerViewModel.swift */; };
		C13C47C72A33B00C005C90AB /* CountDownView.swift in Sources */ = {isa = PBXBuildFile; fileRef = C13C47C62A33B00C005C90AB /* CountDownView.swift */; };
		C15590FD2A31CB1C00E30886 /* WorkoutRepositoryProtocol.swift in Sources */ = {isa = PBXBuildFile; fileRef = C15590FC2A31CB1C00E30886 /* WorkoutRepositoryProtocol.swift */; };
		C15590FF2A31CB2A00E30886 /* WorkoutRepository.swift in Sources */ = {isa = PBXBuildFile; fileRef = C15590FE2A31CB2A00E30886 /* WorkoutRepository.swift */; };
		C15591012A31D0B700E30886 /* HomeViewModel.swift in Sources */ = {isa = PBXBuildFile; fileRef = C15591002A31D0B700E30886 /* HomeViewModel.swift */; };
		C15591032A31D0E000E30886 /* HomeProtocols.swift in Sources */ = {isa = PBXBuildFile; fileRef = C15591022A31D0E000E30886 /* HomeProtocols.swift */; };
		C15591082A31D1F100E30886 /* HomeWorkoutPlanView.swift in Sources */ = {isa = PBXBuildFile; fileRef = C15591072A31D1F100E30886 /* HomeWorkoutPlanView.swift */; };
		C155910A2A31D3E400E30886 /* HomeBuilder.swift in Sources */ = {isa = PBXBuildFile; fileRef = C15591092A31D3E400E30886 /* HomeBuilder.swift */; };
		C15B7EE12A572BB70067B28E /* DetailWorkoutView.swift in Sources */ = {isa = PBXBuildFile; fileRef = C15B7EE02A572BB70067B28E /* DetailWorkoutView.swift */; };
		C15B7EE32A572BC70067B28E /* DetailWorkoutBuilder.swift in Sources */ = {isa = PBXBuildFile; fileRef = C15B7EE22A572BC70067B28E /* DetailWorkoutBuilder.swift */; };
		C15B7EE52A572C370067B28E /* DetailWorkoutProtocols.swift in Sources */ = {isa = PBXBuildFile; fileRef = C15B7EE42A572C370067B28E /* DetailWorkoutProtocols.swift */; };
		C15B7EE72A572CAE0067B28E /* DetailWorkoutViewModel.swift in Sources */ = {isa = PBXBuildFile; fileRef = C15B7EE62A572CAE0067B28E /* DetailWorkoutViewModel.swift */; };
		C15B7EEA2A57402F0067B28E /* ExerciseRow.swift in Sources */ = {isa = PBXBuildFile; fileRef = C15B7EE92A57402F0067B28E /* ExerciseRow.swift */; };
		C1742E462A2F31DA0020354D /* Workout.swift in Sources */ = {isa = PBXBuildFile; fileRef = C1742E452A2F31DA0020354D /* Workout.swift */; };
		C1742E482A2F31F00020354D /* WorkoutUseCase.swift in Sources */ = {isa = PBXBuildFile; fileRef = C1742E472A2F31F00020354D /* WorkoutUseCase.swift */; };
		C1742E4B2A2F32260020354D /* HomeView.swift in Sources */ = {isa = PBXBuildFile; fileRef = C1742E4A2A2F32260020354D /* HomeView.swift */; };
		C1742E4F2A2FC8D60020354D /* SplashView.swift in Sources */ = {isa = PBXBuildFile; fileRef = C1742E4E2A2FC8D60020354D /* SplashView.swift */; };
		C1742E512A3099550020354D /* Exercise.swift in Sources */ = {isa = PBXBuildFile; fileRef = C1742E502A3099550020354D /* Exercise.swift */; };
		C1742E532A309A0C0020354D /* WorkoutPlan.swift in Sources */ = {isa = PBXBuildFile; fileRef = C1742E522A309A0C0020354D /* WorkoutPlan.swift */; };
		C1742E552A309EDE0020354D /* Set.swift in Sources */ = {isa = PBXBuildFile; fileRef = C1742E542A309EDE0020354D /* Set.swift */; };
		C1742E592A309FDC0020354D /* WorkoutDataSourceProtocol.swift in Sources */ = {isa = PBXBuildFile; fileRef = C1742E582A309FDC0020354D /* WorkoutDataSourceProtocol.swift */; };
		C1742E5B2A30A0400020354D /* WorkoutCoreDataSource.swift in Sources */ = {isa = PBXBuildFile; fileRef = C1742E5A2A30A0400020354D /* WorkoutCoreDataSource.swift */; };
		C18FEDB12A76F926005519BE /* ListPlanView.swift in Sources */ = {isa = PBXBuildFile; fileRef = C18FEDB02A76F926005519BE /* ListPlanView.swift */; };
		C18FEDB32A76F9A5005519BE /* ListPlanViewModel.swift in Sources */ = {isa = PBXBuildFile; fileRef = C18FEDB22A76F9A5005519BE /* ListPlanViewModel.swift */; };
		C192BF1C2A2A976A00982F33 /* microworkoutApp.swift in Sources */ = {isa = PBXBuildFile; fileRef = C192BF1B2A2A976A00982F33 /* microworkoutApp.swift */; };
		C192BF202A2A976C00982F33 /* Assets.xcassets in Resources */ = {isa = PBXBuildFile; fileRef = C192BF1F2A2A976C00982F33 /* Assets.xcassets */; };
		C192BF232A2A976C00982F33 /* Preview Assets.xcassets in Resources */ = {isa = PBXBuildFile; fileRef = C192BF222A2A976C00982F33 /* Preview Assets.xcassets */; };
		C192BF252A2A976C00982F33 /* Persistence.swift in Sources */ = {isa = PBXBuildFile; fileRef = C192BF242A2A976C00982F33 /* Persistence.swift */; };
		C192BF282A2A976C00982F33 /* microworkout.xcdatamodeld in Sources */ = {isa = PBXBuildFile; fileRef = C192BF262A2A976C00982F33 /* microworkout.xcdatamodeld */; };
		C192BF322A2A976C00982F33 /* microworkoutTests.swift in Sources */ = {isa = PBXBuildFile; fileRef = C192BF312A2A976C00982F33 /* microworkoutTests.swift */; };
		C192BF3C2A2A976C00982F33 /* microworkoutUITests.swift in Sources */ = {isa = PBXBuildFile; fileRef = C192BF3B2A2A976C00982F33 /* microworkoutUITests.swift */; };
		C192BF3E2A2A976C00982F33 /* microworkoutUITestsLaunchTests.swift in Sources */ = {isa = PBXBuildFile; fileRef = C192BF3D2A2A976C00982F33 /* microworkoutUITestsLaunchTests.swift */; };
		C1A85E142A6AA43C005EC274 /* Int.swift in Sources */ = {isa = PBXBuildFile; fileRef = C1A85E132A6AA43C005EC274 /* Int.swift */; };
		C1A953142A5D4B3900A2A010 /* AddWorkoutView.swift in Sources */ = {isa = PBXBuildFile; fileRef = C1A953132A5D4B3900A2A010 /* AddWorkoutView.swift */; };
		C1A953192A5D571D00A2A010 /* Float+CGFloat.swift in Sources */ = {isa = PBXBuildFile; fileRef = C1A953182A5D571D00A2A010 /* Float+CGFloat.swift */; };
		C1CF26BB2A5DDAA800521884 /* CustomSlider.swift in Sources */ = {isa = PBXBuildFile; fileRef = C1CF26BA2A5DDAA800521884 /* CustomSlider.swift */; };
		C1DE682B2A63F86F000DE4C8 /* NumberOfSeriesView.swift in Sources */ = {isa = PBXBuildFile; fileRef = C1DE682A2A63F86F000DE4C8 /* NumberOfSeriesView.swift */; };
		C1DE682D2A63FC83000DE4C8 /* RpeView.swift in Sources */ = {isa = PBXBuildFile; fileRef = C1DE682C2A63FC83000DE4C8 /* RpeView.swift */; };
		C1F34F622A38CD4300233D66 /* gymwatchApp.swift in Sources */ = {isa = PBXBuildFile; fileRef = C1F34F612A38CD4300233D66 /* gymwatchApp.swift */; };
		C1F34F642A38CD4300233D66 /* ContentView.swift in Sources */ = {isa = PBXBuildFile; fileRef = C1F34F632A38CD4300233D66 /* ContentView.swift */; };
		C1F34F662A38CD4500233D66 /* Assets.xcassets in Resources */ = {isa = PBXBuildFile; fileRef = C1F34F652A38CD4500233D66 /* Assets.xcassets */; };
		C1F34F692A38CD4500233D66 /* Preview Assets.xcassets in Resources */ = {isa = PBXBuildFile; fileRef = C1F34F682A38CD4500233D66 /* Preview Assets.xcassets */; };
		C1F34F732A38CD4500233D66 /* gymwatch_Watch_AppTests.swift in Sources */ = {isa = PBXBuildFile; fileRef = C1F34F722A38CD4500233D66 /* gymwatch_Watch_AppTests.swift */; };
		C1F34F7D2A38CD4500233D66 /* gymwatch_Watch_AppUITests.swift in Sources */ = {isa = PBXBuildFile; fileRef = C1F34F7C2A38CD4500233D66 /* gymwatch_Watch_AppUITests.swift */; };
		C1F34F7F2A38CD4500233D66 /* gymwatch_Watch_AppUITestsLaunchTests.swift in Sources */ = {isa = PBXBuildFile; fileRef = C1F34F7E2A38CD4500233D66 /* gymwatch_Watch_AppUITestsLaunchTests.swift */; };
		C1F34F822A38CD4500233D66 /* gymwatch Watch App.app in Embed Watch Content */ = {isa = PBXBuildFile; fileRef = C1F34F5F2A38CD4300233D66 /* gymwatch Watch App.app */; settings = {ATTRIBUTES = (RemoveHeadersOnCopy, ); }; };
		C1F34F8D2A38FB9D00233D66 /* TimerView.swift in Sources */ = {isa = PBXBuildFile; fileRef = C13C47BF2A33AAF0005C90AB /* TimerView.swift */; };
		C1F34F8E2A38FB9D00233D66 /* TimerBuilder.swift in Sources */ = {isa = PBXBuildFile; fileRef = C13C47BD2A33AAE5005C90AB /* TimerBuilder.swift */; };
		C1F34F8F2A38FB9D00233D66 /* TimerProtocols.swift in Sources */ = {isa = PBXBuildFile; fileRef = C13C47C12A33AB00005C90AB /* TimerProtocols.swift */; };
		C1F34F902A38FB9D00233D66 /* CountDownView.swift in Sources */ = {isa = PBXBuildFile; fileRef = C13C47C62A33B00C005C90AB /* CountDownView.swift */; };
		C1F34F912A38FB9D00233D66 /* TimerViewModel.swift in Sources */ = {isa = PBXBuildFile; fileRef = C13C47C32A33AB0B005C90AB /* TimerViewModel.swift */; };
		C1F34F922A38FBBF00233D66 /* WorkoutPlan.swift in Sources */ = {isa = PBXBuildFile; fileRef = C1742E522A309A0C0020354D /* WorkoutPlan.swift */; };
		C1F34F932A38FBBF00233D66 /* Set.swift in Sources */ = {isa = PBXBuildFile; fileRef = C1742E542A309EDE0020354D /* Set.swift */; };
		C1F34F942A38FBBF00233D66 /* Exercise.swift in Sources */ = {isa = PBXBuildFile; fileRef = C1742E502A3099550020354D /* Exercise.swift */; };
		C1F34F952A38FBBF00233D66 /* Workout.swift in Sources */ = {isa = PBXBuildFile; fileRef = C1742E452A2F31DA0020354D /* Workout.swift */; };
		C1F34F962A38FC0A00233D66 /* WorkoutUseCase.swift in Sources */ = {isa = PBXBuildFile; fileRef = C1742E472A2F31F00020354D /* WorkoutUseCase.swift */; };
		C1F34F972A38FC1100233D66 /* WorkoutRepositoryProtocol.swift in Sources */ = {isa = PBXBuildFile; fileRef = C15590FC2A31CB1C00E30886 /* WorkoutRepositoryProtocol.swift */; };
		C1F34F982A38FC1100233D66 /* WorkoutRepository.swift in Sources */ = {isa = PBXBuildFile; fileRef = C15590FE2A31CB2A00E30886 /* WorkoutRepository.swift */; };
		C1F34F992A38FC1400233D66 /* WorkoutCoreDataSource.swift in Sources */ = {isa = PBXBuildFile; fileRef = C1742E5A2A30A0400020354D /* WorkoutCoreDataSource.swift */; };
		C1F34F9A2A38FC1400233D66 /* WorkoutDataSourceProtocol.swift in Sources */ = {isa = PBXBuildFile; fileRef = C1742E582A309FDC0020354D /* WorkoutDataSourceProtocol.swift */; };
		C1F34FA22A38FC6D00233D66 /* ChronoView.swift in Sources */ = {isa = PBXBuildFile; fileRef = C1F34F9C2A38FC6D00233D66 /* ChronoView.swift */; };
		C1F34FA32A38FC6D00233D66 /* ChronoView.swift in Sources */ = {isa = PBXBuildFile; fileRef = C1F34F9C2A38FC6D00233D66 /* ChronoView.swift */; };
		C1F34FA42A38FC6D00233D66 /* ChronoViewModel.swift in Sources */ = {isa = PBXBuildFile; fileRef = C1F34F9D2A38FC6D00233D66 /* ChronoViewModel.swift */; };
		C1F34FA52A38FC6D00233D66 /* ChronoViewModel.swift in Sources */ = {isa = PBXBuildFile; fileRef = C1F34F9D2A38FC6D00233D66 /* ChronoViewModel.swift */; };
		C1F34FA62A38FC6D00233D66 /* ChronoTimerView.swift in Sources */ = {isa = PBXBuildFile; fileRef = C1F34F9F2A38FC6D00233D66 /* ChronoTimerView.swift */; };
		C1F34FA72A38FC6D00233D66 /* ChronoTimerView.swift in Sources */ = {isa = PBXBuildFile; fileRef = C1F34F9F2A38FC6D00233D66 /* ChronoTimerView.swift */; };
		C1F34FA82A38FC6D00233D66 /* ChronoBuilder.swift in Sources */ = {isa = PBXBuildFile; fileRef = C1F34FA02A38FC6D00233D66 /* ChronoBuilder.swift */; };
		C1F34FA92A38FC6D00233D66 /* ChronoBuilder.swift in Sources */ = {isa = PBXBuildFile; fileRef = C1F34FA02A38FC6D00233D66 /* ChronoBuilder.swift */; };
		C1F34FAA2A38FC6D00233D66 /* ChronoProtocols.swift in Sources */ = {isa = PBXBuildFile; fileRef = C1F34FA12A38FC6D00233D66 /* ChronoProtocols.swift */; };
		C1F34FAB2A38FC6D00233D66 /* ChronoProtocols.swift in Sources */ = {isa = PBXBuildFile; fileRef = C1F34FA12A38FC6D00233D66 /* ChronoProtocols.swift */; };
/* End PBXBuildFile section */

/* Begin PBXContainerItemProxy section */
		C192BF2E2A2A976C00982F33 /* PBXContainerItemProxy */ = {
			isa = PBXContainerItemProxy;
			containerPortal = C192BF102A2A976A00982F33 /* Project object */;
			proxyType = 1;
			remoteGlobalIDString = C192BF172A2A976A00982F33;
			remoteInfo = microworkout;
		};
		C192BF382A2A976C00982F33 /* PBXContainerItemProxy */ = {
			isa = PBXContainerItemProxy;
			containerPortal = C192BF102A2A976A00982F33 /* Project object */;
			proxyType = 1;
			remoteGlobalIDString = C192BF172A2A976A00982F33;
			remoteInfo = microworkout;
		};
		C1F34F6F2A38CD4500233D66 /* PBXContainerItemProxy */ = {
			isa = PBXContainerItemProxy;
			containerPortal = C192BF102A2A976A00982F33 /* Project object */;
			proxyType = 1;
			remoteGlobalIDString = C1F34F5E2A38CD4200233D66;
			remoteInfo = "gymwatch Watch App";
		};
		C1F34F792A38CD4500233D66 /* PBXContainerItemProxy */ = {
			isa = PBXContainerItemProxy;
			containerPortal = C192BF102A2A976A00982F33 /* Project object */;
			proxyType = 1;
			remoteGlobalIDString = C1F34F5E2A38CD4200233D66;
			remoteInfo = "gymwatch Watch App";
		};
		C1F34F802A38CD4500233D66 /* PBXContainerItemProxy */ = {
			isa = PBXContainerItemProxy;
			containerPortal = C192BF102A2A976A00982F33 /* Project object */;
			proxyType = 1;
			remoteGlobalIDString = C1F34F5E2A38CD4200233D66;
			remoteInfo = "gymwatch Watch App";
		};
/* End PBXContainerItemProxy section */

/* Begin PBXCopyFilesBuildPhase section */
		C1F34F832A38CD4500233D66 /* Embed Watch Content */ = {
			isa = PBXCopyFilesBuildPhase;
			buildActionMask = 2147483647;
			dstPath = "$(CONTENTS_FOLDER_PATH)/Watch";
			dstSubfolderSpec = 16;
			files = (
				C1F34F822A38CD4500233D66 /* gymwatch Watch App.app in Embed Watch Content */,
			);
			name = "Embed Watch Content";
			runOnlyForDeploymentPostprocessing = 0;
		};
/* End PBXCopyFilesBuildPhase section */

/* Begin PBXFileReference section */
		C11B9F342A5845BE00FC656F /* microworkout.entitlements */ = {isa = PBXFileReference; lastKnownFileType = text.plist.entitlements; path = microworkout.entitlements; sourceTree = "<group>"; };
		C11B9F362A5C372100FC656F /* ProfileView.swift */ = {isa = PBXFileReference; lastKnownFileType = sourcecode.swift; path = ProfileView.swift; sourceTree = "<group>"; };
		C11B9F392A5C37B300FC656F /* TabbarView.swift */ = {isa = PBXFileReference; lastKnownFileType = sourcecode.swift; path = TabbarView.swift; sourceTree = "<group>"; };
		C13C47BD2A33AAE5005C90AB /* TimerBuilder.swift */ = {isa = PBXFileReference; lastKnownFileType = sourcecode.swift; path = TimerBuilder.swift; sourceTree = "<group>"; };
		C13C47BF2A33AAF0005C90AB /* TimerView.swift */ = {isa = PBXFileReference; lastKnownFileType = sourcecode.swift; path = TimerView.swift; sourceTree = "<group>"; };
		C13C47C12A33AB00005C90AB /* TimerProtocols.swift */ = {isa = PBXFileReference; lastKnownFileType = sourcecode.swift; path = TimerProtocols.swift; sourceTree = "<group>"; };
		C13C47C32A33AB0B005C90AB /* TimerViewModel.swift */ = {isa = PBXFileReference; lastKnownFileType = sourcecode.swift; path = TimerViewModel.swift; sourceTree = "<group>"; };
		C13C47C62A33B00C005C90AB /* CountDownView.swift */ = {isa = PBXFileReference; lastKnownFileType = sourcecode.swift; path = CountDownView.swift; sourceTree = "<group>"; };
		C15590FC2A31CB1C00E30886 /* WorkoutRepositoryProtocol.swift */ = {isa = PBXFileReference; lastKnownFileType = sourcecode.swift; path = WorkoutRepositoryProtocol.swift; sourceTree = "<group>"; };
		C15590FE2A31CB2A00E30886 /* WorkoutRepository.swift */ = {isa = PBXFileReference; lastKnownFileType = sourcecode.swift; path = WorkoutRepository.swift; sourceTree = "<group>"; };
		C15591002A31D0B700E30886 /* HomeViewModel.swift */ = {isa = PBXFileReference; lastKnownFileType = sourcecode.swift; path = HomeViewModel.swift; sourceTree = "<group>"; };
		C15591022A31D0E000E30886 /* HomeProtocols.swift */ = {isa = PBXFileReference; lastKnownFileType = sourcecode.swift; path = HomeProtocols.swift; sourceTree = "<group>"; };
		C15591072A31D1F100E30886 /* HomeWorkoutPlanView.swift */ = {isa = PBXFileReference; lastKnownFileType = sourcecode.swift; path = HomeWorkoutPlanView.swift; sourceTree = "<group>"; };
		C15591092A31D3E400E30886 /* HomeBuilder.swift */ = {isa = PBXFileReference; lastKnownFileType = sourcecode.swift; path = HomeBuilder.swift; sourceTree = "<group>"; };
		C15B7EE02A572BB70067B28E /* DetailWorkoutView.swift */ = {isa = PBXFileReference; lastKnownFileType = sourcecode.swift; path = DetailWorkoutView.swift; sourceTree = "<group>"; };
		C15B7EE22A572BC70067B28E /* DetailWorkoutBuilder.swift */ = {isa = PBXFileReference; lastKnownFileType = sourcecode.swift; path = DetailWorkoutBuilder.swift; sourceTree = "<group>"; };
		C15B7EE42A572C370067B28E /* DetailWorkoutProtocols.swift */ = {isa = PBXFileReference; lastKnownFileType = sourcecode.swift; path = DetailWorkoutProtocols.swift; sourceTree = "<group>"; };
		C15B7EE62A572CAE0067B28E /* DetailWorkoutViewModel.swift */ = {isa = PBXFileReference; lastKnownFileType = sourcecode.swift; path = DetailWorkoutViewModel.swift; sourceTree = "<group>"; };
		C15B7EE92A57402F0067B28E /* ExerciseRow.swift */ = {isa = PBXFileReference; lastKnownFileType = sourcecode.swift; path = ExerciseRow.swift; sourceTree = "<group>"; };
		C1742E452A2F31DA0020354D /* Workout.swift */ = {isa = PBXFileReference; lastKnownFileType = sourcecode.swift; path = Workout.swift; sourceTree = "<group>"; };
		C1742E472A2F31F00020354D /* WorkoutUseCase.swift */ = {isa = PBXFileReference; lastKnownFileType = sourcecode.swift; path = WorkoutUseCase.swift; sourceTree = "<group>"; };
		C1742E4A2A2F32260020354D /* HomeView.swift */ = {isa = PBXFileReference; lastKnownFileType = sourcecode.swift; path = HomeView.swift; sourceTree = "<group>"; };
		C1742E4E2A2FC8D60020354D /* SplashView.swift */ = {isa = PBXFileReference; lastKnownFileType = sourcecode.swift; path = SplashView.swift; sourceTree = "<group>"; };
		C1742E502A3099550020354D /* Exercise.swift */ = {isa = PBXFileReference; lastKnownFileType = sourcecode.swift; path = Exercise.swift; sourceTree = "<group>"; };
		C1742E522A309A0C0020354D /* WorkoutPlan.swift */ = {isa = PBXFileReference; lastKnownFileType = sourcecode.swift; path = WorkoutPlan.swift; sourceTree = "<group>"; };
		C1742E542A309EDE0020354D /* Set.swift */ = {isa = PBXFileReference; lastKnownFileType = sourcecode.swift; path = Set.swift; sourceTree = "<group>"; };
		C1742E582A309FDC0020354D /* WorkoutDataSourceProtocol.swift */ = {isa = PBXFileReference; lastKnownFileType = sourcecode.swift; path = WorkoutDataSourceProtocol.swift; sourceTree = "<group>"; };
		C1742E5A2A30A0400020354D /* WorkoutCoreDataSource.swift */ = {isa = PBXFileReference; lastKnownFileType = sourcecode.swift; path = WorkoutCoreDataSource.swift; sourceTree = "<group>"; };
		C18FEDB02A76F926005519BE /* ListPlanView.swift */ = {isa = PBXFileReference; lastKnownFileType = sourcecode.swift; path = ListPlanView.swift; sourceTree = "<group>"; };
		C18FEDB22A76F9A5005519BE /* ListPlanViewModel.swift */ = {isa = PBXFileReference; lastKnownFileType = sourcecode.swift; path = ListPlanViewModel.swift; sourceTree = "<group>"; };
		C192BF182A2A976A00982F33 /* microworkout.app */ = {isa = PBXFileReference; explicitFileType = wrapper.application; includeInIndex = 0; path = microworkout.app; sourceTree = BUILT_PRODUCTS_DIR; };
		C192BF1B2A2A976A00982F33 /* microworkoutApp.swift */ = {isa = PBXFileReference; lastKnownFileType = sourcecode.swift; path = microworkoutApp.swift; sourceTree = "<group>"; };
		C192BF1F2A2A976C00982F33 /* Assets.xcassets */ = {isa = PBXFileReference; lastKnownFileType = folder.assetcatalog; path = Assets.xcassets; sourceTree = "<group>"; };
		C192BF222A2A976C00982F33 /* Preview Assets.xcassets */ = {isa = PBXFileReference; lastKnownFileType = folder.assetcatalog; path = "Preview Assets.xcassets"; sourceTree = "<group>"; };
		C192BF242A2A976C00982F33 /* Persistence.swift */ = {isa = PBXFileReference; lastKnownFileType = sourcecode.swift; path = Persistence.swift; sourceTree = "<group>"; };
		C192BF272A2A976C00982F33 /* microworkout.xcdatamodel */ = {isa = PBXFileReference; lastKnownFileType = wrapper.xcdatamodel; path = microworkout.xcdatamodel; sourceTree = "<group>"; };
		C192BF2D2A2A976C00982F33 /* microworkoutTests.xctest */ = {isa = PBXFileReference; explicitFileType = wrapper.cfbundle; includeInIndex = 0; path = microworkoutTests.xctest; sourceTree = BUILT_PRODUCTS_DIR; };
		C192BF312A2A976C00982F33 /* microworkoutTests.swift */ = {isa = PBXFileReference; lastKnownFileType = sourcecode.swift; path = microworkoutTests.swift; sourceTree = "<group>"; };
		C192BF372A2A976C00982F33 /* microworkoutUITests.xctest */ = {isa = PBXFileReference; explicitFileType = wrapper.cfbundle; includeInIndex = 0; path = microworkoutUITests.xctest; sourceTree = BUILT_PRODUCTS_DIR; };
		C192BF3B2A2A976C00982F33 /* microworkoutUITests.swift */ = {isa = PBXFileReference; lastKnownFileType = sourcecode.swift; path = microworkoutUITests.swift; sourceTree = "<group>"; };
		C192BF3D2A2A976C00982F33 /* microworkoutUITestsLaunchTests.swift */ = {isa = PBXFileReference; lastKnownFileType = sourcecode.swift; path = microworkoutUITestsLaunchTests.swift; sourceTree = "<group>"; };
		C1A85E132A6AA43C005EC274 /* Int.swift */ = {isa = PBXFileReference; lastKnownFileType = sourcecode.swift; path = Int.swift; sourceTree = "<group>"; };
		C1A953132A5D4B3900A2A010 /* AddWorkoutView.swift */ = {isa = PBXFileReference; lastKnownFileType = sourcecode.swift; path = AddWorkoutView.swift; sourceTree = "<group>"; };
		C1A953182A5D571D00A2A010 /* Float+CGFloat.swift */ = {isa = PBXFileReference; lastKnownFileType = sourcecode.swift; path = "Float+CGFloat.swift"; sourceTree = "<group>"; };
		C1CF26BA2A5DDAA800521884 /* CustomSlider.swift */ = {isa = PBXFileReference; lastKnownFileType = sourcecode.swift; path = CustomSlider.swift; sourceTree = "<group>"; };
		C1DE682A2A63F86F000DE4C8 /* NumberOfSeriesView.swift */ = {isa = PBXFileReference; lastKnownFileType = sourcecode.swift; path = NumberOfSeriesView.swift; sourceTree = "<group>"; };
		C1DE682C2A63FC83000DE4C8 /* RpeView.swift */ = {isa = PBXFileReference; lastKnownFileType = sourcecode.swift; path = RpeView.swift; sourceTree = "<group>"; };
		C1F34F5F2A38CD4300233D66 /* gymwatch Watch App.app */ = {isa = PBXFileReference; explicitFileType = wrapper.application; includeInIndex = 0; path = "gymwatch Watch App.app"; sourceTree = BUILT_PRODUCTS_DIR; };
		C1F34F612A38CD4300233D66 /* gymwatchApp.swift */ = {isa = PBXFileReference; lastKnownFileType = sourcecode.swift; path = gymwatchApp.swift; sourceTree = "<group>"; };
		C1F34F632A38CD4300233D66 /* ContentView.swift */ = {isa = PBXFileReference; lastKnownFileType = sourcecode.swift; path = ContentView.swift; sourceTree = "<group>"; };
		C1F34F652A38CD4500233D66 /* Assets.xcassets */ = {isa = PBXFileReference; lastKnownFileType = folder.assetcatalog; path = Assets.xcassets; sourceTree = "<group>"; };
		C1F34F682A38CD4500233D66 /* Preview Assets.xcassets */ = {isa = PBXFileReference; lastKnownFileType = folder.assetcatalog; path = "Preview Assets.xcassets"; sourceTree = "<group>"; };
		C1F34F6E2A38CD4500233D66 /* gymwatch Watch AppTests.xctest */ = {isa = PBXFileReference; explicitFileType = wrapper.cfbundle; includeInIndex = 0; path = "gymwatch Watch AppTests.xctest"; sourceTree = BUILT_PRODUCTS_DIR; };
		C1F34F722A38CD4500233D66 /* gymwatch_Watch_AppTests.swift */ = {isa = PBXFileReference; lastKnownFileType = sourcecode.swift; path = gymwatch_Watch_AppTests.swift; sourceTree = "<group>"; };
		C1F34F782A38CD4500233D66 /* gymwatch Watch AppUITests.xctest */ = {isa = PBXFileReference; explicitFileType = wrapper.cfbundle; includeInIndex = 0; path = "gymwatch Watch AppUITests.xctest"; sourceTree = BUILT_PRODUCTS_DIR; };
		C1F34F7C2A38CD4500233D66 /* gymwatch_Watch_AppUITests.swift */ = {isa = PBXFileReference; lastKnownFileType = sourcecode.swift; path = gymwatch_Watch_AppUITests.swift; sourceTree = "<group>"; };
		C1F34F7E2A38CD4500233D66 /* gymwatch_Watch_AppUITestsLaunchTests.swift */ = {isa = PBXFileReference; lastKnownFileType = sourcecode.swift; path = gymwatch_Watch_AppUITestsLaunchTests.swift; sourceTree = "<group>"; };
		C1F34F9C2A38FC6D00233D66 /* ChronoView.swift */ = {isa = PBXFileReference; fileEncoding = 4; lastKnownFileType = sourcecode.swift; path = ChronoView.swift; sourceTree = "<group>"; };
		C1F34F9D2A38FC6D00233D66 /* ChronoViewModel.swift */ = {isa = PBXFileReference; fileEncoding = 4; lastKnownFileType = sourcecode.swift; path = ChronoViewModel.swift; sourceTree = "<group>"; };
		C1F34F9F2A38FC6D00233D66 /* ChronoTimerView.swift */ = {isa = PBXFileReference; fileEncoding = 4; lastKnownFileType = sourcecode.swift; path = ChronoTimerView.swift; sourceTree = "<group>"; };
		C1F34FA02A38FC6D00233D66 /* ChronoBuilder.swift */ = {isa = PBXFileReference; fileEncoding = 4; lastKnownFileType = sourcecode.swift; path = ChronoBuilder.swift; sourceTree = "<group>"; };
		C1F34FA12A38FC6D00233D66 /* ChronoProtocols.swift */ = {isa = PBXFileReference; fileEncoding = 4; lastKnownFileType = sourcecode.swift; path = ChronoProtocols.swift; sourceTree = "<group>"; };
/* End PBXFileReference section */

/* Begin PBXFrameworksBuildPhase section */
		C192BF152A2A976A00982F33 /* Frameworks */ = {
			isa = PBXFrameworksBuildPhase;
			buildActionMask = 2147483647;
			files = (
			);
			runOnlyForDeploymentPostprocessing = 0;
		};
		C192BF2A2A2A976C00982F33 /* Frameworks */ = {
			isa = PBXFrameworksBuildPhase;
			buildActionMask = 2147483647;
			files = (
			);
			runOnlyForDeploymentPostprocessing = 0;
		};
		C192BF342A2A976C00982F33 /* Frameworks */ = {
			isa = PBXFrameworksBuildPhase;
			buildActionMask = 2147483647;
			files = (
			);
			runOnlyForDeploymentPostprocessing = 0;
		};
		C1F34F5C2A38CD4200233D66 /* Frameworks */ = {
			isa = PBXFrameworksBuildPhase;
			buildActionMask = 2147483647;
			files = (
			);
			runOnlyForDeploymentPostprocessing = 0;
		};
		C1F34F6B2A38CD4500233D66 /* Frameworks */ = {
			isa = PBXFrameworksBuildPhase;
			buildActionMask = 2147483647;
			files = (
			);
			runOnlyForDeploymentPostprocessing = 0;
		};
		C1F34F752A38CD4500233D66 /* Frameworks */ = {
			isa = PBXFrameworksBuildPhase;
			buildActionMask = 2147483647;
			files = (
			);
			runOnlyForDeploymentPostprocessing = 0;
		};
/* End PBXFrameworksBuildPhase section */

/* Begin PBXGroup section */
		C11B9F352A5C370D00FC656F /* Profile */ = {
			isa = PBXGroup;
			children = (
				C11B9F362A5C372100FC656F /* ProfileView.swift */,
			);
			path = Profile;
			sourceTree = "<group>";
		};
		C11B9F382A5C37A400FC656F /* Tabbar */ = {
			isa = PBXGroup;
			children = (
				C11B9F392A5C37B300FC656F /* TabbarView.swift */,
			);
			path = Tabbar;
			sourceTree = "<group>";
		};
		C13C47BC2A33AAD5005C90AB /* Timer */ = {
			isa = PBXGroup;
			children = (
				C13C47C52A33AFFA005C90AB /* Component */,
				C13C47BD2A33AAE5005C90AB /* TimerBuilder.swift */,
				C13C47BF2A33AAF0005C90AB /* TimerView.swift */,
				C13C47C12A33AB00005C90AB /* TimerProtocols.swift */,
				C13C47C32A33AB0B005C90AB /* TimerViewModel.swift */,
			);
			path = Timer;
			sourceTree = "<group>";
		};
		C13C47C52A33AFFA005C90AB /* Component */ = {
			isa = PBXGroup;
			children = (
				C13C47C62A33B00C005C90AB /* CountDownView.swift */,
			);
			path = Component;
			sourceTree = "<group>";
		};
		C15591042A31D1C200E30886 /* CustomViews */ = {
			isa = PBXGroup;
			children = (
				C15591072A31D1F100E30886 /* HomeWorkoutPlanView.swift */,
			);
			path = CustomViews;
			sourceTree = "<group>";
		};
		C15B7EDF2A572B800067B28E /* Detail */ = {
			isa = PBXGroup;
			children = (
				C15B7EE82A57400A0067B28E /* CustomViews */,
				C15B7EE22A572BC70067B28E /* DetailWorkoutBuilder.swift */,
				C15B7EE02A572BB70067B28E /* DetailWorkoutView.swift */,
				C15B7EE42A572C370067B28E /* DetailWorkoutProtocols.swift */,
				C15B7EE62A572CAE0067B28E /* DetailWorkoutViewModel.swift */,
			);
			path = Detail;
			sourceTree = "<group>";
		};
		C15B7EE82A57400A0067B28E /* CustomViews */ = {
			isa = PBXGroup;
			children = (
				C15B7EE92A57402F0067B28E /* ExerciseRow.swift */,
				C1DE682A2A63F86F000DE4C8 /* NumberOfSeriesView.swift */,
				C1DE682C2A63FC83000DE4C8 /* RpeView.swift */,
			);
			path = CustomViews;
			sourceTree = "<group>";
		};
		C1742E3D2A2F31360020354D /* Data */ = {
			isa = PBXGroup;
			children = (
				C1742E572A309FCA0020354D /* Datasource */,
				C1742E562A309FC50020354D /* Repository */,
				C1742E422A2F318F0020354D /* CoreData */,
			);
			path = Data;
			sourceTree = "<group>";
		};
		C1742E3E2A2F31420020354D /* Domain */ = {
			isa = PBXGroup;
			children = (
				C1742E432A2F31A50020354D /* UseCases */,
				C1742E442A2F31B70020354D /* Entities */,
			);
			path = Domain;
			sourceTree = "<group>";
		};
		C1742E3F2A2F314A0020354D /* Presentation */ = {
			isa = PBXGroup;
			children = (
				C1CF26B92A5DDA9B00521884 /* Component */,
				C1742E402A2F31640020354D /* App */,
				C1742E412A2F317C0020354D /* Modules */,
			);
			path = Presentation;
			sourceTree = "<group>";
		};
		C1742E402A2F31640020354D /* App */ = {
			isa = PBXGroup;
			children = (
				C192BF1B2A2A976A00982F33 /* microworkoutApp.swift */,
			);
			path = App;
			sourceTree = "<group>";
		};
		C1742E412A2F317C0020354D /* Modules */ = {
			isa = PBXGroup;
			children = (
				C11B9F382A5C37A400FC656F /* Tabbar */,
				C11B9F352A5C370D00FC656F /* Profile */,
				C1F34F9B2A38FC4600233D66 /* Chrono */,
				C13C47BC2A33AAD5005C90AB /* Timer */,
				C1742E4D2A2FC8C10020354D /* Splash */,
				C1A953122A5D4B1E00A2A010 /* AddWorkout */,
				C15B7EDF2A572B800067B28E /* Detail */,
				C1742E492A2F32140020354D /* Home */,
			);
			path = Modules;
			sourceTree = "<group>";
		};
		C1742E422A2F318F0020354D /* CoreData */ = {
			isa = PBXGroup;
			children = (
				C192BF242A2A976C00982F33 /* Persistence.swift */,
				C192BF262A2A976C00982F33 /* microworkout.xcdatamodeld */,
			);
			path = CoreData;
			sourceTree = "<group>";
		};
		C1742E432A2F31A50020354D /* UseCases */ = {
			isa = PBXGroup;
			children = (
				C1742E472A2F31F00020354D /* WorkoutUseCase.swift */,
			);
			path = UseCases;
			sourceTree = "<group>";
		};
		C1742E442A2F31B70020354D /* Entities */ = {
			isa = PBXGroup;
			children = (
				C1742E522A309A0C0020354D /* WorkoutPlan.swift */,
				C1742E452A2F31DA0020354D /* Workout.swift */,
				C1742E502A3099550020354D /* Exercise.swift */,
				C1742E542A309EDE0020354D /* Set.swift */,
			);
			path = Entities;
			sourceTree = "<group>";
		};
		C1742E492A2F32140020354D /* Home */ = {
			isa = PBXGroup;
			children = (
				C15591042A31D1C200E30886 /* CustomViews */,
				C1742E4A2A2F32260020354D /* HomeView.swift */,
				C15591002A31D0B700E30886 /* HomeViewModel.swift */,
				C15591022A31D0E000E30886 /* HomeProtocols.swift */,
				C15591092A31D3E400E30886 /* HomeBuilder.swift */,
			);
			path = Home;
			sourceTree = "<group>";
		};
		C1742E4C2A2F323D0020354D /* Resources */ = {
			isa = PBXGroup;
			children = (
				C192BF1F2A2A976C00982F33 /* Assets.xcassets */,
			);
			path = Resources;
			sourceTree = "<group>";
		};
		C1742E4D2A2FC8C10020354D /* Splash */ = {
			isa = PBXGroup;
			children = (
				C1742E4E2A2FC8D60020354D /* SplashView.swift */,
			);
			path = Splash;
			sourceTree = "<group>";
		};
		C1742E562A309FC50020354D /* Repository */ = {
			isa = PBXGroup;
			children = (
				C15590FC2A31CB1C00E30886 /* WorkoutRepositoryProtocol.swift */,
				C15590FE2A31CB2A00E30886 /* WorkoutRepository.swift */,
			);
			path = Repository;
			sourceTree = "<group>";
		};
		C1742E572A309FCA0020354D /* Datasource */ = {
			isa = PBXGroup;
			children = (
				C1742E582A309FDC0020354D /* WorkoutDataSourceProtocol.swift */,
				C1742E5A2A30A0400020354D /* WorkoutCoreDataSource.swift */,
			);
			path = Datasource;
			sourceTree = "<group>";
		};
		C18FEDAF2A76F90D005519BE /* List */ = {
			isa = PBXGroup;
			children = (
				C18FEDB22A76F9A5005519BE /* ListPlanViewModel.swift */,
				C18FEDB02A76F926005519BE /* ListPlanView.swift */,
			);
			path = List;
			sourceTree = "<group>";
		};
		C192BF0F2A2A976A00982F33 = {
			isa = PBXGroup;
			children = (
				C192BF1A2A2A976A00982F33 /* microworkout */,
				C192BF302A2A976C00982F33 /* microworkoutTests */,
				C192BF3A2A2A976C00982F33 /* microworkoutUITests */,
				C1F34F602A38CD4300233D66 /* gymwatch Watch App */,
				C1F34F712A38CD4500233D66 /* gymwatch Watch AppTests */,
				C1F34F7B2A38CD4500233D66 /* gymwatch Watch AppUITests */,
				C192BF192A2A976A00982F33 /* Products */,
			);
			sourceTree = "<group>";
		};
		C192BF192A2A976A00982F33 /* Products */ = {
			isa = PBXGroup;
			children = (
				C192BF182A2A976A00982F33 /* microworkout.app */,
				C192BF2D2A2A976C00982F33 /* microworkoutTests.xctest */,
				C192BF372A2A976C00982F33 /* microworkoutUITests.xctest */,
				C1F34F5F2A38CD4300233D66 /* gymwatch Watch App.app */,
				C1F34F6E2A38CD4500233D66 /* gymwatch Watch AppTests.xctest */,
				C1F34F782A38CD4500233D66 /* gymwatch Watch AppUITests.xctest */,
			);
			name = Products;
			sourceTree = "<group>";
		};
		C192BF1A2A2A976A00982F33 /* microworkout */ = {
			isa = PBXGroup;
			children = (
				C1A953152A5D56E200A2A010 /* Helper */,
				C11B9F342A5845BE00FC656F /* microworkout.entitlements */,
				C1742E3D2A2F31360020354D /* Data */,
				C1742E3E2A2F31420020354D /* Domain */,
				C1742E3F2A2F314A0020354D /* Presentation */,
				C1742E4C2A2F323D0020354D /* Resources */,
				C192BF212A2A976C00982F33 /* Preview Content */,
			);
			path = microworkout;
			sourceTree = "<group>";
		};
		C192BF212A2A976C00982F33 /* Preview Content */ = {
			isa = PBXGroup;
			children = (
				C192BF222A2A976C00982F33 /* Preview Assets.xcassets */,
			);
			path = "Preview Content";
			sourceTree = "<group>";
		};
		C192BF302A2A976C00982F33 /* microworkoutTests */ = {
			isa = PBXGroup;
			children = (
				C192BF312A2A976C00982F33 /* microworkoutTests.swift */,
			);
			path = microworkoutTests;
			sourceTree = "<group>";
		};
		C192BF3A2A2A976C00982F33 /* microworkoutUITests */ = {
			isa = PBXGroup;
			children = (
				C192BF3B2A2A976C00982F33 /* microworkoutUITests.swift */,
				C192BF3D2A2A976C00982F33 /* microworkoutUITestsLaunchTests.swift */,
			);
			path = microworkoutUITests;
			sourceTree = "<group>";
		};
		C1A953122A5D4B1E00A2A010 /* AddWorkout */ = {
			isa = PBXGroup;
			children = (
				C1A953132A5D4B3900A2A010 /* AddWorkoutView.swift */,
			);
			path = AddWorkout;
			sourceTree = "<group>";
		};
		C1A953152A5D56E200A2A010 /* Helper */ = {
			isa = PBXGroup;
			children = (
				C1A953162A5D56F800A2A010 /* Extensions */,
			);
			path = Helper;
			sourceTree = "<group>";
		};
		C1A953162A5D56F800A2A010 /* Extensions */ = {
			isa = PBXGroup;
			children = (
				C1A953182A5D571D00A2A010 /* Float+CGFloat.swift */,
				C1A85E132A6AA43C005EC274 /* Int.swift */,
			);
			path = Extensions;
			sourceTree = "<group>";
		};
		C1CF26B92A5DDA9B00521884 /* Component */ = {
			isa = PBXGroup;
			children = (
				C1CF26BA2A5DDAA800521884 /* CustomSlider.swift */,
			);
			path = Component;
			sourceTree = "<group>";
		};
		C1F34F602A38CD4300233D66 /* gymwatch Watch App */ = {
			isa = PBXGroup;
			children = (
				C18FEDAF2A76F90D005519BE /* List */,
				C1F34F612A38CD4300233D66 /* gymwatchApp.swift */,
				C1F34F632A38CD4300233D66 /* ContentView.swift */,
				C1F34F652A38CD4500233D66 /* Assets.xcassets */,
				C1F34F672A38CD4500233D66 /* Preview Content */,
			);
			path = "gymwatch Watch App";
			sourceTree = "<group>";
		};
		C1F34F672A38CD4500233D66 /* Preview Content */ = {
			isa = PBXGroup;
			children = (
				C1F34F682A38CD4500233D66 /* Preview Assets.xcassets */,
			);
			path = "Preview Content";
			sourceTree = "<group>";
		};
		C1F34F712A38CD4500233D66 /* gymwatch Watch AppTests */ = {
			isa = PBXGroup;
			children = (
				C1F34F722A38CD4500233D66 /* gymwatch_Watch_AppTests.swift */,
			);
			path = "gymwatch Watch AppTests";
			sourceTree = "<group>";
		};
		C1F34F7B2A38CD4500233D66 /* gymwatch Watch AppUITests */ = {
			isa = PBXGroup;
			children = (
				C1F34F7C2A38CD4500233D66 /* gymwatch_Watch_AppUITests.swift */,
				C1F34F7E2A38CD4500233D66 /* gymwatch_Watch_AppUITestsLaunchTests.swift */,
			);
			path = "gymwatch Watch AppUITests";
			sourceTree = "<group>";
		};
		C1F34F9B2A38FC4600233D66 /* Chrono */ = {
			isa = PBXGroup;
			children = (
				C1F34F9E2A38FC6D00233D66 /* Component */,
				C1F34FA02A38FC6D00233D66 /* ChronoBuilder.swift */,
				C1F34FA12A38FC6D00233D66 /* ChronoProtocols.swift */,
				C1F34F9C2A38FC6D00233D66 /* ChronoView.swift */,
				C1F34F9D2A38FC6D00233D66 /* ChronoViewModel.swift */,
			);
			path = Chrono;
			sourceTree = "<group>";
		};
		C1F34F9E2A38FC6D00233D66 /* Component */ = {
			isa = PBXGroup;
			children = (
				C1F34F9F2A38FC6D00233D66 /* ChronoTimerView.swift */,
			);
			path = Component;
			sourceTree = "<group>";
		};
/* End PBXGroup section */

/* Begin PBXNativeTarget section */
		C192BF172A2A976A00982F33 /* microworkout */ = {
			isa = PBXNativeTarget;
			buildConfigurationList = C192BF412A2A976C00982F33 /* Build configuration list for PBXNativeTarget "microworkout" */;
			buildPhases = (
				C192BF142A2A976A00982F33 /* Sources */,
				C192BF152A2A976A00982F33 /* Frameworks */,
				C192BF162A2A976A00982F33 /* Resources */,
				C1F34F832A38CD4500233D66 /* Embed Watch Content */,
			);
			buildRules = (
			);
			dependencies = (
				C1F34F812A38CD4500233D66 /* PBXTargetDependency */,
			);
			name = microworkout;
			productName = microworkout;
			productReference = C192BF182A2A976A00982F33 /* microworkout.app */;
			productType = "com.apple.product-type.application";
		};
		C192BF2C2A2A976C00982F33 /* microworkoutTests */ = {
			isa = PBXNativeTarget;
			buildConfigurationList = C192BF442A2A976C00982F33 /* Build configuration list for PBXNativeTarget "microworkoutTests" */;
			buildPhases = (
				C192BF292A2A976C00982F33 /* Sources */,
				C192BF2A2A2A976C00982F33 /* Frameworks */,
				C192BF2B2A2A976C00982F33 /* Resources */,
			);
			buildRules = (
			);
			dependencies = (
				C192BF2F2A2A976C00982F33 /* PBXTargetDependency */,
			);
			name = microworkoutTests;
			productName = microworkoutTests;
			productReference = C192BF2D2A2A976C00982F33 /* microworkoutTests.xctest */;
			productType = "com.apple.product-type.bundle.unit-test";
		};
		C192BF362A2A976C00982F33 /* microworkoutUITests */ = {
			isa = PBXNativeTarget;
			buildConfigurationList = C192BF472A2A976C00982F33 /* Build configuration list for PBXNativeTarget "microworkoutUITests" */;
			buildPhases = (
				C192BF332A2A976C00982F33 /* Sources */,
				C192BF342A2A976C00982F33 /* Frameworks */,
				C192BF352A2A976C00982F33 /* Resources */,
			);
			buildRules = (
			);
			dependencies = (
				C192BF392A2A976C00982F33 /* PBXTargetDependency */,
			);
			name = microworkoutUITests;
			productName = microworkoutUITests;
			productReference = C192BF372A2A976C00982F33 /* microworkoutUITests.xctest */;
			productType = "com.apple.product-type.bundle.ui-testing";
		};
		C1F34F5E2A38CD4200233D66 /* gymwatch Watch App */ = {
			isa = PBXNativeTarget;
			buildConfigurationList = C1F34F8A2A38CD4500233D66 /* Build configuration list for PBXNativeTarget "gymwatch Watch App" */;
			buildPhases = (
				C1F34F5B2A38CD4200233D66 /* Sources */,
				C1F34F5C2A38CD4200233D66 /* Frameworks */,
				C1F34F5D2A38CD4200233D66 /* Resources */,
			);
			buildRules = (
			);
			dependencies = (
			);
			name = "gymwatch Watch App";
			productName = "gymwatch Watch App";
			productReference = C1F34F5F2A38CD4300233D66 /* gymwatch Watch App.app */;
			productType = "com.apple.product-type.application";
		};
		C1F34F6D2A38CD4500233D66 /* gymwatch Watch AppTests */ = {
			isa = PBXNativeTarget;
			buildConfigurationList = C1F34F8B2A38CD4500233D66 /* Build configuration list for PBXNativeTarget "gymwatch Watch AppTests" */;
			buildPhases = (
				C1F34F6A2A38CD4500233D66 /* Sources */,
				C1F34F6B2A38CD4500233D66 /* Frameworks */,
				C1F34F6C2A38CD4500233D66 /* Resources */,
			);
			buildRules = (
			);
			dependencies = (
				C1F34F702A38CD4500233D66 /* PBXTargetDependency */,
			);
			name = "gymwatch Watch AppTests";
			productName = "gymwatch Watch AppTests";
			productReference = C1F34F6E2A38CD4500233D66 /* gymwatch Watch AppTests.xctest */;
			productType = "com.apple.product-type.bundle.unit-test";
		};
		C1F34F772A38CD4500233D66 /* gymwatch Watch AppUITests */ = {
			isa = PBXNativeTarget;
			buildConfigurationList = C1F34F8C2A38CD4500233D66 /* Build configuration list for PBXNativeTarget "gymwatch Watch AppUITests" */;
			buildPhases = (
				C1F34F742A38CD4500233D66 /* Sources */,
				C1F34F752A38CD4500233D66 /* Frameworks */,
				C1F34F762A38CD4500233D66 /* Resources */,
			);
			buildRules = (
			);
			dependencies = (
				C1F34F7A2A38CD4500233D66 /* PBXTargetDependency */,
			);
			name = "gymwatch Watch AppUITests";
			productName = "gymwatch Watch AppUITests";
			productReference = C1F34F782A38CD4500233D66 /* gymwatch Watch AppUITests.xctest */;
			productType = "com.apple.product-type.bundle.ui-testing";
		};
/* End PBXNativeTarget section */

/* Begin PBXProject section */
		C192BF102A2A976A00982F33 /* Project object */ = {
			isa = PBXProject;
			attributes = {
				BuildIndependentTargetsInParallel = 1;
				LastSwiftUpdateCheck = 1430;
				LastUpgradeCheck = 1430;
				TargetAttributes = {
					C192BF172A2A976A00982F33 = {
						CreatedOnToolsVersion = 14.3.1;
					};
					C192BF2C2A2A976C00982F33 = {
						CreatedOnToolsVersion = 14.3.1;
						TestTargetID = C192BF172A2A976A00982F33;
					};
					C192BF362A2A976C00982F33 = {
						CreatedOnToolsVersion = 14.3.1;
						TestTargetID = C192BF172A2A976A00982F33;
					};
					C1F34F5E2A38CD4200233D66 = {
						CreatedOnToolsVersion = 14.3.1;
					};
					C1F34F6D2A38CD4500233D66 = {
						CreatedOnToolsVersion = 14.3.1;
						TestTargetID = C1F34F5E2A38CD4200233D66;
					};
					C1F34F772A38CD4500233D66 = {
						CreatedOnToolsVersion = 14.3.1;
						TestTargetID = C1F34F5E2A38CD4200233D66;
					};
				};
			};
			buildConfigurationList = C192BF132A2A976A00982F33 /* Build configuration list for PBXProject "microworkout" */;
			compatibilityVersion = "Xcode 14.0";
			developmentRegion = en;
			hasScannedForEncodings = 0;
			knownRegions = (
				en,
				Base,
			);
			mainGroup = C192BF0F2A2A976A00982F33;
			productRefGroup = C192BF192A2A976A00982F33 /* Products */;
			projectDirPath = "";
			projectRoot = "";
			targets = (
				C192BF172A2A976A00982F33 /* microworkout */,
				C192BF2C2A2A976C00982F33 /* microworkoutTests */,
				C192BF362A2A976C00982F33 /* microworkoutUITests */,
				C1F34F5E2A38CD4200233D66 /* gymwatch Watch App */,
				C1F34F6D2A38CD4500233D66 /* gymwatch Watch AppTests */,
				C1F34F772A38CD4500233D66 /* gymwatch Watch AppUITests */,
			);
		};
/* End PBXProject section */

/* Begin PBXResourcesBuildPhase section */
		C192BF162A2A976A00982F33 /* Resources */ = {
			isa = PBXResourcesBuildPhase;
			buildActionMask = 2147483647;
			files = (
				C192BF232A2A976C00982F33 /* Preview Assets.xcassets in Resources */,
				C192BF202A2A976C00982F33 /* Assets.xcassets in Resources */,
			);
			runOnlyForDeploymentPostprocessing = 0;
		};
		C192BF2B2A2A976C00982F33 /* Resources */ = {
			isa = PBXResourcesBuildPhase;
			buildActionMask = 2147483647;
			files = (
			);
			runOnlyForDeploymentPostprocessing = 0;
		};
		C192BF352A2A976C00982F33 /* Resources */ = {
			isa = PBXResourcesBuildPhase;
			buildActionMask = 2147483647;
			files = (
			);
			runOnlyForDeploymentPostprocessing = 0;
		};
		C1F34F5D2A38CD4200233D66 /* Resources */ = {
			isa = PBXResourcesBuildPhase;
			buildActionMask = 2147483647;
			files = (
				C1F34F692A38CD4500233D66 /* Preview Assets.xcassets in Resources */,
				C1F34F662A38CD4500233D66 /* Assets.xcassets in Resources */,
			);
			runOnlyForDeploymentPostprocessing = 0;
		};
		C1F34F6C2A38CD4500233D66 /* Resources */ = {
			isa = PBXResourcesBuildPhase;
			buildActionMask = 2147483647;
			files = (
			);
			runOnlyForDeploymentPostprocessing = 0;
		};
		C1F34F762A38CD4500233D66 /* Resources */ = {
			isa = PBXResourcesBuildPhase;
			buildActionMask = 2147483647;
			files = (
			);
			runOnlyForDeploymentPostprocessing = 0;
		};
/* End PBXResourcesBuildPhase section */

/* Begin PBXSourcesBuildPhase section */
		C192BF142A2A976A00982F33 /* Sources */ = {
			isa = PBXSourcesBuildPhase;
			buildActionMask = 2147483647;
			files = (
				C192BF252A2A976C00982F33 /* Persistence.swift in Sources */,
				C13C47C72A33B00C005C90AB /* CountDownView.swift in Sources */,
				C1742E512A3099550020354D /* Exercise.swift in Sources */,
				C15591082A31D1F100E30886 /* HomeWorkoutPlanView.swift in Sources */,
				C1742E4B2A2F32260020354D /* HomeView.swift in Sources */,
				C1742E532A309A0C0020354D /* WorkoutPlan.swift in Sources */,
				C1DE682B2A63F86F000DE4C8 /* NumberOfSeriesView.swift in Sources */,
				C1F34FA22A38FC6D00233D66 /* ChronoView.swift in Sources */,
				C1742E552A309EDE0020354D /* Set.swift in Sources */,
				C11B9F3A2A5C37B300FC656F /* TabbarView.swift in Sources */,
				C155910A2A31D3E400E30886 /* HomeBuilder.swift in Sources */,
				C192BF282A2A976C00982F33 /* microworkout.xcdatamodeld in Sources */,
				C15B7EEA2A57402F0067B28E /* ExerciseRow.swift in Sources */,
				C1F34FA62A38FC6D00233D66 /* ChronoTimerView.swift in Sources */,
				C13C47C42A33AB0B005C90AB /* TimerViewModel.swift in Sources */,
				C15B7EE12A572BB70067B28E /* DetailWorkoutView.swift in Sources */,
				C1742E462A2F31DA0020354D /* Workout.swift in Sources */,
				C15590FD2A31CB1C00E30886 /* WorkoutRepositoryProtocol.swift in Sources */,
				C13C47C02A33AAF0005C90AB /* TimerView.swift in Sources */,
				C1742E592A309FDC0020354D /* WorkoutDataSourceProtocol.swift in Sources */,
				C15B7EE72A572CAE0067B28E /* DetailWorkoutViewModel.swift in Sources */,
				C1F34FA82A38FC6D00233D66 /* ChronoBuilder.swift in Sources */,
				C1CF26BB2A5DDAA800521884 /* CustomSlider.swift in Sources */,
				C192BF1C2A2A976A00982F33 /* microworkoutApp.swift in Sources */,
				C1DE682D2A63FC83000DE4C8 /* RpeView.swift in Sources */,
				C1A953142A5D4B3900A2A010 /* AddWorkoutView.swift in Sources */,
				C1742E5B2A30A0400020354D /* WorkoutCoreDataSource.swift in Sources */,
				C15590FF2A31CB2A00E30886 /* WorkoutRepository.swift in Sources */,
				C13C47BE2A33AAE5005C90AB /* TimerBuilder.swift in Sources */,
				C15B7EE52A572C370067B28E /* DetailWorkoutProtocols.swift in Sources */,
				C15591032A31D0E000E30886 /* HomeProtocols.swift in Sources */,
				C11B9F372A5C372100FC656F /* ProfileView.swift in Sources */,
				C1A85E142A6AA43C005EC274 /* Int.swift in Sources */,
				C1F34FA42A38FC6D00233D66 /* ChronoViewModel.swift in Sources */,
				C15B7EE32A572BC70067B28E /* DetailWorkoutBuilder.swift in Sources */,
				C1A953192A5D571D00A2A010 /* Float+CGFloat.swift in Sources */,
				C1742E482A2F31F00020354D /* WorkoutUseCase.swift in Sources */,
				C13C47C22A33AB00005C90AB /* TimerProtocols.swift in Sources */,
				C1F34FAA2A38FC6D00233D66 /* ChronoProtocols.swift in Sources */,
				C15591012A31D0B700E30886 /* HomeViewModel.swift in Sources */,
				C1742E4F2A2FC8D60020354D /* SplashView.swift in Sources */,
			);
			runOnlyForDeploymentPostprocessing = 0;
		};
		C192BF292A2A976C00982F33 /* Sources */ = {
			isa = PBXSourcesBuildPhase;
			buildActionMask = 2147483647;
			files = (
				C192BF322A2A976C00982F33 /* microworkoutTests.swift in Sources */,
			);
			runOnlyForDeploymentPostprocessing = 0;
		};
		C192BF332A2A976C00982F33 /* Sources */ = {
			isa = PBXSourcesBuildPhase;
			buildActionMask = 2147483647;
			files = (
				C192BF3C2A2A976C00982F33 /* microworkoutUITests.swift in Sources */,
				C192BF3E2A2A976C00982F33 /* microworkoutUITestsLaunchTests.swift in Sources */,
			);
			runOnlyForDeploymentPostprocessing = 0;
		};
		C1F34F5B2A38CD4200233D66 /* Sources */ = {
			isa = PBXSourcesBuildPhase;
			buildActionMask = 2147483647;
			files = (
				C1F34FA72A38FC6D00233D66 /* ChronoTimerView.swift in Sources */,
				C1F34F912A38FB9D00233D66 /* TimerViewModel.swift in Sources */,
				C1F34F8D2A38FB9D00233D66 /* TimerView.swift in Sources */,
				C1F34F9A2A38FC1400233D66 /* WorkoutDataSourceProtocol.swift in Sources */,
				C1F34F922A38FBBF00233D66 /* WorkoutPlan.swift in Sources */,
				C1F34F8E2A38FB9D00233D66 /* TimerBuilder.swift in Sources */,
				C18FEDB32A76F9A5005519BE /* ListPlanViewModel.swift in Sources */,
				C1F34F902A38FB9D00233D66 /* CountDownView.swift in Sources */,
				C1F34F942A38FBBF00233D66 /* Exercise.swift in Sources */,
				C18FEDB12A76F926005519BE /* ListPlanView.swift in Sources */,
				C1F34FA32A38FC6D00233D66 /* ChronoView.swift in Sources */,
				C1F34F952A38FBBF00233D66 /* Workout.swift in Sources */,
				C1F34F972A38FC1100233D66 /* WorkoutRepositoryProtocol.swift in Sources */,
				C1F34FA52A38FC6D00233D66 /* ChronoViewModel.swift in Sources */,
				C1F34F932A38FBBF00233D66 /* Set.swift in Sources */,
				C1F34FA92A38FC6D00233D66 /* ChronoBuilder.swift in Sources */,
				C1F34F642A38CD4300233D66 /* ContentView.swift in Sources */,
				C1F34F622A38CD4300233D66 /* gymwatchApp.swift in Sources */,
				C1F34F982A38FC1100233D66 /* WorkoutRepository.swift in Sources */,
				C1F34F992A38FC1400233D66 /* WorkoutCoreDataSource.swift in Sources */,
				C1F34FAB2A38FC6D00233D66 /* ChronoProtocols.swift in Sources */,
				C1F34F8F2A38FB9D00233D66 /* TimerProtocols.swift in Sources */,
				C1F34F962A38FC0A00233D66 /* WorkoutUseCase.swift in Sources */,
			);
			runOnlyForDeploymentPostprocessing = 0;
		};
		C1F34F6A2A38CD4500233D66 /* Sources */ = {
			isa = PBXSourcesBuildPhase;
			buildActionMask = 2147483647;
			files = (
				C1F34F732A38CD4500233D66 /* gymwatch_Watch_AppTests.swift in Sources */,
			);
			runOnlyForDeploymentPostprocessing = 0;
		};
		C1F34F742A38CD4500233D66 /* Sources */ = {
			isa = PBXSourcesBuildPhase;
			buildActionMask = 2147483647;
			files = (
				C1F34F7F2A38CD4500233D66 /* gymwatch_Watch_AppUITestsLaunchTests.swift in Sources */,
				C1F34F7D2A38CD4500233D66 /* gymwatch_Watch_AppUITests.swift in Sources */,
			);
			runOnlyForDeploymentPostprocessing = 0;
		};
/* End PBXSourcesBuildPhase section */

/* Begin PBXTargetDependency section */
		C192BF2F2A2A976C00982F33 /* PBXTargetDependency */ = {
			isa = PBXTargetDependency;
			target = C192BF172A2A976A00982F33 /* microworkout */;
			targetProxy = C192BF2E2A2A976C00982F33 /* PBXContainerItemProxy */;
		};
		C192BF392A2A976C00982F33 /* PBXTargetDependency */ = {
			isa = PBXTargetDependency;
			target = C192BF172A2A976A00982F33 /* microworkout */;
			targetProxy = C192BF382A2A976C00982F33 /* PBXContainerItemProxy */;
		};
		C1F34F702A38CD4500233D66 /* PBXTargetDependency */ = {
			isa = PBXTargetDependency;
			target = C1F34F5E2A38CD4200233D66 /* gymwatch Watch App */;
			targetProxy = C1F34F6F2A38CD4500233D66 /* PBXContainerItemProxy */;
		};
		C1F34F7A2A38CD4500233D66 /* PBXTargetDependency */ = {
			isa = PBXTargetDependency;
			target = C1F34F5E2A38CD4200233D66 /* gymwatch Watch App */;
			targetProxy = C1F34F792A38CD4500233D66 /* PBXContainerItemProxy */;
		};
		C1F34F812A38CD4500233D66 /* PBXTargetDependency */ = {
			isa = PBXTargetDependency;
			target = C1F34F5E2A38CD4200233D66 /* gymwatch Watch App */;
			targetProxy = C1F34F802A38CD4500233D66 /* PBXContainerItemProxy */;
		};
/* End PBXTargetDependency section */

/* Begin XCBuildConfiguration section */
		C192BF3F2A2A976C00982F33 /* Debug */ = {
			isa = XCBuildConfiguration;
			buildSettings = {
				ALWAYS_SEARCH_USER_PATHS = NO;
				CLANG_ANALYZER_NONNULL = YES;
				CLANG_ANALYZER_NUMBER_OBJECT_CONVERSION = YES_AGGRESSIVE;
				CLANG_CXX_LANGUAGE_STANDARD = "gnu++20";
				CLANG_ENABLE_MODULES = YES;
				CLANG_ENABLE_OBJC_ARC = YES;
				CLANG_ENABLE_OBJC_WEAK = YES;
				CLANG_WARN_BLOCK_CAPTURE_AUTORELEASING = YES;
				CLANG_WARN_BOOL_CONVERSION = YES;
				CLANG_WARN_COMMA = YES;
				CLANG_WARN_CONSTANT_CONVERSION = YES;
				CLANG_WARN_DEPRECATED_OBJC_IMPLEMENTATIONS = YES;
				CLANG_WARN_DIRECT_OBJC_ISA_USAGE = YES_ERROR;
				CLANG_WARN_DOCUMENTATION_COMMENTS = YES;
				CLANG_WARN_EMPTY_BODY = YES;
				CLANG_WARN_ENUM_CONVERSION = YES;
				CLANG_WARN_INFINITE_RECURSION = YES;
				CLANG_WARN_INT_CONVERSION = YES;
				CLANG_WARN_NON_LITERAL_NULL_CONVERSION = YES;
				CLANG_WARN_OBJC_IMPLICIT_RETAIN_SELF = YES;
				CLANG_WARN_OBJC_LITERAL_CONVERSION = YES;
				CLANG_WARN_OBJC_ROOT_CLASS = YES_ERROR;
				CLANG_WARN_QUOTED_INCLUDE_IN_FRAMEWORK_HEADER = YES;
				CLANG_WARN_RANGE_LOOP_ANALYSIS = YES;
				CLANG_WARN_STRICT_PROTOTYPES = YES;
				CLANG_WARN_SUSPICIOUS_MOVE = YES;
				CLANG_WARN_UNGUARDED_AVAILABILITY = YES_AGGRESSIVE;
				CLANG_WARN_UNREACHABLE_CODE = YES;
				CLANG_WARN__DUPLICATE_METHOD_MATCH = YES;
				COPY_PHASE_STRIP = NO;
				DEBUG_INFORMATION_FORMAT = dwarf;
				ENABLE_STRICT_OBJC_MSGSEND = YES;
				ENABLE_TESTABILITY = YES;
				GCC_C_LANGUAGE_STANDARD = gnu11;
				GCC_DYNAMIC_NO_PIC = NO;
				GCC_NO_COMMON_BLOCKS = YES;
				GCC_OPTIMIZATION_LEVEL = 0;
				GCC_PREPROCESSOR_DEFINITIONS = (
					"DEBUG=1",
					"$(inherited)",
				);
				GCC_WARN_64_TO_32_BIT_CONVERSION = YES;
				GCC_WARN_ABOUT_RETURN_TYPE = YES_ERROR;
				GCC_WARN_UNDECLARED_SELECTOR = YES;
				GCC_WARN_UNINITIALIZED_AUTOS = YES_AGGRESSIVE;
				GCC_WARN_UNUSED_FUNCTION = YES;
				GCC_WARN_UNUSED_VARIABLE = YES;
				IPHONEOS_DEPLOYMENT_TARGET = 16.0;
				MTL_ENABLE_DEBUG_INFO = INCLUDE_SOURCE;
				MTL_FAST_MATH = YES;
				ONLY_ACTIVE_ARCH = YES;
				SDKROOT = iphoneos;
				SWIFT_ACTIVE_COMPILATION_CONDITIONS = DEBUG;
				SWIFT_OPTIMIZATION_LEVEL = "-Onone";
			};
			name = Debug;
		};
		C192BF402A2A976C00982F33 /* Release */ = {
			isa = XCBuildConfiguration;
			buildSettings = {
				ALWAYS_SEARCH_USER_PATHS = NO;
				CLANG_ANALYZER_NONNULL = YES;
				CLANG_ANALYZER_NUMBER_OBJECT_CONVERSION = YES_AGGRESSIVE;
				CLANG_CXX_LANGUAGE_STANDARD = "gnu++20";
				CLANG_ENABLE_MODULES = YES;
				CLANG_ENABLE_OBJC_ARC = YES;
				CLANG_ENABLE_OBJC_WEAK = YES;
				CLANG_WARN_BLOCK_CAPTURE_AUTORELEASING = YES;
				CLANG_WARN_BOOL_CONVERSION = YES;
				CLANG_WARN_COMMA = YES;
				CLANG_WARN_CONSTANT_CONVERSION = YES;
				CLANG_WARN_DEPRECATED_OBJC_IMPLEMENTATIONS = YES;
				CLANG_WARN_DIRECT_OBJC_ISA_USAGE = YES_ERROR;
				CLANG_WARN_DOCUMENTATION_COMMENTS = YES;
				CLANG_WARN_EMPTY_BODY = YES;
				CLANG_WARN_ENUM_CONVERSION = YES;
				CLANG_WARN_INFINITE_RECURSION = YES;
				CLANG_WARN_INT_CONVERSION = YES;
				CLANG_WARN_NON_LITERAL_NULL_CONVERSION = YES;
				CLANG_WARN_OBJC_IMPLICIT_RETAIN_SELF = YES;
				CLANG_WARN_OBJC_LITERAL_CONVERSION = YES;
				CLANG_WARN_OBJC_ROOT_CLASS = YES_ERROR;
				CLANG_WARN_QUOTED_INCLUDE_IN_FRAMEWORK_HEADER = YES;
				CLANG_WARN_RANGE_LOOP_ANALYSIS = YES;
				CLANG_WARN_STRICT_PROTOTYPES = YES;
				CLANG_WARN_SUSPICIOUS_MOVE = YES;
				CLANG_WARN_UNGUARDED_AVAILABILITY = YES_AGGRESSIVE;
				CLANG_WARN_UNREACHABLE_CODE = YES;
				CLANG_WARN__DUPLICATE_METHOD_MATCH = YES;
				COPY_PHASE_STRIP = NO;
				DEBUG_INFORMATION_FORMAT = "dwarf-with-dsym";
				ENABLE_NS_ASSERTIONS = NO;
				ENABLE_STRICT_OBJC_MSGSEND = YES;
				GCC_C_LANGUAGE_STANDARD = gnu11;
				GCC_NO_COMMON_BLOCKS = YES;
				GCC_WARN_64_TO_32_BIT_CONVERSION = YES;
				GCC_WARN_ABOUT_RETURN_TYPE = YES_ERROR;
				GCC_WARN_UNDECLARED_SELECTOR = YES;
				GCC_WARN_UNINITIALIZED_AUTOS = YES_AGGRESSIVE;
				GCC_WARN_UNUSED_FUNCTION = YES;
				GCC_WARN_UNUSED_VARIABLE = YES;
				IPHONEOS_DEPLOYMENT_TARGET = 16.0;
				MTL_ENABLE_DEBUG_INFO = NO;
				MTL_FAST_MATH = YES;
				SDKROOT = iphoneos;
				SWIFT_COMPILATION_MODE = wholemodule;
				SWIFT_OPTIMIZATION_LEVEL = "-O";
				VALIDATE_PRODUCT = YES;
			};
			name = Release;
		};
		C192BF422A2A976C00982F33 /* Debug */ = {
			isa = XCBuildConfiguration;
			buildSettings = {
				ALWAYS_EMBED_SWIFT_STANDARD_LIBRARIES = YES;
				ASSETCATALOG_COMPILER_APPICON_NAME = AppIcon;
				ASSETCATALOG_COMPILER_GLOBAL_ACCENT_COLOR_NAME = AccentColor;
				CODE_SIGN_ENTITLEMENTS = microworkout/microworkout.entitlements;
				CODE_SIGN_STYLE = Automatic;
				CURRENT_PROJECT_VERSION = 1;
				DEVELOPMENT_ASSET_PATHS = "\"microworkout/Preview Content\"";
				DEVELOPMENT_TEAM = 96W3Z42U5V;
				ENABLE_PREVIEWS = YES;
				GENERATE_INFOPLIST_FILE = YES;
				INFOPLIST_KEY_UIApplicationSceneManifest_Generation = YES;
				INFOPLIST_KEY_UIApplicationSupportsIndirectInputEvents = YES;
				INFOPLIST_KEY_UILaunchScreen_Generation = YES;
				INFOPLIST_KEY_UISupportedInterfaceOrientations_iPad = "UIInterfaceOrientationPortrait UIInterfaceOrientationPortraitUpsideDown UIInterfaceOrientationLandscapeLeft UIInterfaceOrientationLandscapeRight";
				INFOPLIST_KEY_UISupportedInterfaceOrientations_iPhone = "UIInterfaceOrientationPortrait UIInterfaceOrientationLandscapeLeft UIInterfaceOrientationLandscapeRight";
				IPHONEOS_DEPLOYMENT_TARGET = 17.0;
				LD_RUNPATH_SEARCH_PATHS = (
					"$(inherited)",
					"@executable_path/Frameworks",
				);
				MARKETING_VERSION = 1.0;
				PRODUCT_BUNDLE_IDENTIFIER = es.fernandosalom.microworkoutapp;
				PRODUCT_NAME = "$(TARGET_NAME)";
				SWIFT_EMIT_LOC_STRINGS = YES;
				SWIFT_VERSION = 5.0;
				TARGETED_DEVICE_FAMILY = "1,2";
			};
			name = Debug;
		};
		C192BF432A2A976C00982F33 /* Release */ = {
			isa = XCBuildConfiguration;
			buildSettings = {
				ALWAYS_EMBED_SWIFT_STANDARD_LIBRARIES = YES;
				ASSETCATALOG_COMPILER_APPICON_NAME = AppIcon;
				ASSETCATALOG_COMPILER_GLOBAL_ACCENT_COLOR_NAME = AccentColor;
				CODE_SIGN_ENTITLEMENTS = microworkout/microworkout.entitlements;
				CODE_SIGN_STYLE = Automatic;
				CURRENT_PROJECT_VERSION = 1;
				DEVELOPMENT_ASSET_PATHS = "\"microworkout/Preview Content\"";
				DEVELOPMENT_TEAM = 96W3Z42U5V;
				ENABLE_PREVIEWS = YES;
				GENERATE_INFOPLIST_FILE = YES;
				INFOPLIST_KEY_UIApplicationSceneManifest_Generation = YES;
				INFOPLIST_KEY_UIApplicationSupportsIndirectInputEvents = YES;
				INFOPLIST_KEY_UILaunchScreen_Generation = YES;
				INFOPLIST_KEY_UISupportedInterfaceOrientations_iPad = "UIInterfaceOrientationPortrait UIInterfaceOrientationPortraitUpsideDown UIInterfaceOrientationLandscapeLeft UIInterfaceOrientationLandscapeRight";
				INFOPLIST_KEY_UISupportedInterfaceOrientations_iPhone = "UIInterfaceOrientationPortrait UIInterfaceOrientationLandscapeLeft UIInterfaceOrientationLandscapeRight";
				IPHONEOS_DEPLOYMENT_TARGET = 17.0;
				LD_RUNPATH_SEARCH_PATHS = (
					"$(inherited)",
					"@executable_path/Frameworks",
				);
				MARKETING_VERSION = 1.0;
				PRODUCT_BUNDLE_IDENTIFIER = es.fernandosalom.microworkoutapp;
				PRODUCT_NAME = "$(TARGET_NAME)";
				SWIFT_EMIT_LOC_STRINGS = YES;
				SWIFT_VERSION = 5.0;
				TARGETED_DEVICE_FAMILY = "1,2";
			};
			name = Release;
		};
		C192BF452A2A976C00982F33 /* Debug */ = {
			isa = XCBuildConfiguration;
			buildSettings = {
				ALWAYS_EMBED_SWIFT_STANDARD_LIBRARIES = YES;
				BUNDLE_LOADER = "$(TEST_HOST)";
				CODE_SIGN_STYLE = Automatic;
				CURRENT_PROJECT_VERSION = 1;
				DEVELOPMENT_TEAM = X8Z657K235;
				GENERATE_INFOPLIST_FILE = YES;
				IPHONEOS_DEPLOYMENT_TARGET = 16.4;
				MARKETING_VERSION = 1.0;
				PRODUCT_BUNDLE_IDENTIFIER = es.fernandosalom.microworkoutTests;
				PRODUCT_NAME = "$(TARGET_NAME)";
				SWIFT_EMIT_LOC_STRINGS = NO;
				SWIFT_VERSION = 5.0;
				TARGETED_DEVICE_FAMILY = "1,2";
				TEST_HOST = "$(BUILT_PRODUCTS_DIR)/microworkout.app/$(BUNDLE_EXECUTABLE_FOLDER_PATH)/microworkout";
			};
			name = Debug;
		};
		C192BF462A2A976C00982F33 /* Release */ = {
			isa = XCBuildConfiguration;
			buildSettings = {
				ALWAYS_EMBED_SWIFT_STANDARD_LIBRARIES = YES;
				BUNDLE_LOADER = "$(TEST_HOST)";
				CODE_SIGN_STYLE = Automatic;
				CURRENT_PROJECT_VERSION = 1;
				DEVELOPMENT_TEAM = X8Z657K235;
				GENERATE_INFOPLIST_FILE = YES;
				IPHONEOS_DEPLOYMENT_TARGET = 16.4;
				MARKETING_VERSION = 1.0;
				PRODUCT_BUNDLE_IDENTIFIER = es.fernandosalom.microworkoutTests;
				PRODUCT_NAME = "$(TARGET_NAME)";
				SWIFT_EMIT_LOC_STRINGS = NO;
				SWIFT_VERSION = 5.0;
				TARGETED_DEVICE_FAMILY = "1,2";
				TEST_HOST = "$(BUILT_PRODUCTS_DIR)/microworkout.app/$(BUNDLE_EXECUTABLE_FOLDER_PATH)/microworkout";
			};
			name = Release;
		};
		C192BF482A2A976C00982F33 /* Debug */ = {
			isa = XCBuildConfiguration;
			buildSettings = {
				ALWAYS_EMBED_SWIFT_STANDARD_LIBRARIES = YES;
				CODE_SIGN_STYLE = Automatic;
				CURRENT_PROJECT_VERSION = 1;
				DEVELOPMENT_TEAM = X8Z657K235;
				GENERATE_INFOPLIST_FILE = YES;
				MARKETING_VERSION = 1.0;
				PRODUCT_BUNDLE_IDENTIFIER = es.fernandosalom.microworkoutUITests;
				PRODUCT_NAME = "$(TARGET_NAME)";
				SWIFT_EMIT_LOC_STRINGS = NO;
				SWIFT_VERSION = 5.0;
				TARGETED_DEVICE_FAMILY = "1,2";
				TEST_TARGET_NAME = microworkout;
			};
			name = Debug;
		};
		C192BF492A2A976C00982F33 /* Release */ = {
			isa = XCBuildConfiguration;
			buildSettings = {
				ALWAYS_EMBED_SWIFT_STANDARD_LIBRARIES = YES;
				CODE_SIGN_STYLE = Automatic;
				CURRENT_PROJECT_VERSION = 1;
				DEVELOPMENT_TEAM = X8Z657K235;
				GENERATE_INFOPLIST_FILE = YES;
				MARKETING_VERSION = 1.0;
				PRODUCT_BUNDLE_IDENTIFIER = es.fernandosalom.microworkoutUITests;
				PRODUCT_NAME = "$(TARGET_NAME)";
				SWIFT_EMIT_LOC_STRINGS = NO;
				SWIFT_VERSION = 5.0;
				TARGETED_DEVICE_FAMILY = "1,2";
				TEST_TARGET_NAME = microworkout;
			};
			name = Release;
		};
		C1F34F842A38CD4500233D66 /* Debug */ = {
			isa = XCBuildConfiguration;
			buildSettings = {
				ASSETCATALOG_COMPILER_APPICON_NAME = AppIcon;
				ASSETCATALOG_COMPILER_GLOBAL_ACCENT_COLOR_NAME = AccentColor;
				CODE_SIGN_STYLE = Automatic;
				CURRENT_PROJECT_VERSION = 1;
				DEVELOPMENT_ASSET_PATHS = "\"gymwatch Watch App/Preview Content\"";
				DEVELOPMENT_TEAM = 96W3Z42U5V;
				ENABLE_PREVIEWS = YES;
				GENERATE_INFOPLIST_FILE = YES;
				INFOPLIST_KEY_CFBundleDisplayName = gymwatch;
				INFOPLIST_KEY_UISupportedInterfaceOrientations = "UIInterfaceOrientationPortrait UIInterfaceOrientationPortraitUpsideDown";
				INFOPLIST_KEY_WKCompanionAppBundleIdentifier = es.fernandosalom.microworkoutapp;
				INFOPLIST_KEY_WKRunsIndependentlyOfCompanionApp = YES;
				LD_RUNPATH_SEARCH_PATHS = (
					"$(inherited)",
					"@executable_path/Frameworks",
				);
				MARKETING_VERSION = 1.0;
				PRODUCT_BUNDLE_IDENTIFIER = es.fernandosalom.microworkoutapp.watchkitapp;
				PRODUCT_NAME = "$(TARGET_NAME)";
				SDKROOT = watchos;
				SKIP_INSTALL = YES;
				SWIFT_EMIT_LOC_STRINGS = YES;
				SWIFT_VERSION = 5.0;
				TARGETED_DEVICE_FAMILY = 4;
				WATCHOS_DEPLOYMENT_TARGET = 9.3;
			};
			name = Debug;
		};
		C1F34F852A38CD4500233D66 /* Release */ = {
			isa = XCBuildConfiguration;
			buildSettings = {
				ASSETCATALOG_COMPILER_APPICON_NAME = AppIcon;
				ASSETCATALOG_COMPILER_GLOBAL_ACCENT_COLOR_NAME = AccentColor;
				CODE_SIGN_STYLE = Automatic;
				CURRENT_PROJECT_VERSION = 1;
				DEVELOPMENT_ASSET_PATHS = "\"gymwatch Watch App/Preview Content\"";
				DEVELOPMENT_TEAM = 96W3Z42U5V;
				ENABLE_PREVIEWS = YES;
				GENERATE_INFOPLIST_FILE = YES;
				INFOPLIST_KEY_CFBundleDisplayName = gymwatch;
				INFOPLIST_KEY_UISupportedInterfaceOrientations = "UIInterfaceOrientationPortrait UIInterfaceOrientationPortraitUpsideDown";
				INFOPLIST_KEY_WKCompanionAppBundleIdentifier = es.fernandosalom.microworkoutapp;
				INFOPLIST_KEY_WKRunsIndependentlyOfCompanionApp = YES;
				LD_RUNPATH_SEARCH_PATHS = (
					"$(inherited)",
					"@executable_path/Frameworks",
				);
				MARKETING_VERSION = 1.0;
				PRODUCT_BUNDLE_IDENTIFIER = es.fernandosalom.microworkoutapp.watchkitapp;
				PRODUCT_NAME = "$(TARGET_NAME)";
				SDKROOT = watchos;
				SKIP_INSTALL = YES;
				SWIFT_EMIT_LOC_STRINGS = YES;
				SWIFT_VERSION = 5.0;
				TARGETED_DEVICE_FAMILY = 4;
				WATCHOS_DEPLOYMENT_TARGET = 9.3;
			};
			name = Release;
		};
		C1F34F862A38CD4500233D66 /* Debug */ = {
			isa = XCBuildConfiguration;
			buildSettings = {
				ALWAYS_EMBED_SWIFT_STANDARD_LIBRARIES = YES;
				BUNDLE_LOADER = "$(TEST_HOST)";
				CODE_SIGN_STYLE = Automatic;
				CURRENT_PROJECT_VERSION = 1;
				DEVELOPMENT_TEAM = X8Z657K235;
				GENERATE_INFOPLIST_FILE = YES;
				MARKETING_VERSION = 1.0;
				PRODUCT_BUNDLE_IDENTIFIER = "es.fernandosalom.microworkout.gymwatch-Watch-AppTests";
				PRODUCT_NAME = "$(TARGET_NAME)";
				SDKROOT = watchos;
				SWIFT_EMIT_LOC_STRINGS = NO;
				SWIFT_VERSION = 5.0;
				TARGETED_DEVICE_FAMILY = 4;
				TEST_HOST = "$(BUILT_PRODUCTS_DIR)/gymwatch Watch App.app/$(BUNDLE_EXECUTABLE_FOLDER_PATH)/gymwatch Watch App";
				WATCHOS_DEPLOYMENT_TARGET = 9.4;
			};
			name = Debug;
		};
		C1F34F872A38CD4500233D66 /* Release */ = {
			isa = XCBuildConfiguration;
			buildSettings = {
				ALWAYS_EMBED_SWIFT_STANDARD_LIBRARIES = YES;
				BUNDLE_LOADER = "$(TEST_HOST)";
				CODE_SIGN_STYLE = Automatic;
				CURRENT_PROJECT_VERSION = 1;
				DEVELOPMENT_TEAM = X8Z657K235;
				GENERATE_INFOPLIST_FILE = YES;
				MARKETING_VERSION = 1.0;
				PRODUCT_BUNDLE_IDENTIFIER = "es.fernandosalom.microworkout.gymwatch-Watch-AppTests";
				PRODUCT_NAME = "$(TARGET_NAME)";
				SDKROOT = watchos;
				SWIFT_EMIT_LOC_STRINGS = NO;
				SWIFT_VERSION = 5.0;
				TARGETED_DEVICE_FAMILY = 4;
				TEST_HOST = "$(BUILT_PRODUCTS_DIR)/gymwatch Watch App.app/$(BUNDLE_EXECUTABLE_FOLDER_PATH)/gymwatch Watch App";
				WATCHOS_DEPLOYMENT_TARGET = 9.4;
			};
			name = Release;
		};
		C1F34F882A38CD4500233D66 /* Debug */ = {
			isa = XCBuildConfiguration;
			buildSettings = {
				ALWAYS_EMBED_SWIFT_STANDARD_LIBRARIES = YES;
				CODE_SIGN_STYLE = Automatic;
				CURRENT_PROJECT_VERSION = 1;
				DEVELOPMENT_TEAM = X8Z657K235;
				GENERATE_INFOPLIST_FILE = YES;
				MARKETING_VERSION = 1.0;
				PRODUCT_BUNDLE_IDENTIFIER = "es.fernandosalom.microworkout.gymwatch-Watch-AppUITests";
				PRODUCT_NAME = "$(TARGET_NAME)";
				SDKROOT = watchos;
				SWIFT_EMIT_LOC_STRINGS = NO;
				SWIFT_VERSION = 5.0;
				TARGETED_DEVICE_FAMILY = 4;
				TEST_TARGET_NAME = "gymwatch Watch App";
				WATCHOS_DEPLOYMENT_TARGET = 9.4;
			};
			name = Debug;
		};
		C1F34F892A38CD4500233D66 /* Release */ = {
			isa = XCBuildConfiguration;
			buildSettings = {
				ALWAYS_EMBED_SWIFT_STANDARD_LIBRARIES = YES;
				CODE_SIGN_STYLE = Automatic;
				CURRENT_PROJECT_VERSION = 1;
				DEVELOPMENT_TEAM = X8Z657K235;
				GENERATE_INFOPLIST_FILE = YES;
				MARKETING_VERSION = 1.0;
				PRODUCT_BUNDLE_IDENTIFIER = "es.fernandosalom.microworkout.gymwatch-Watch-AppUITests";
				PRODUCT_NAME = "$(TARGET_NAME)";
				SDKROOT = watchos;
				SWIFT_EMIT_LOC_STRINGS = NO;
				SWIFT_VERSION = 5.0;
				TARGETED_DEVICE_FAMILY = 4;
				TEST_TARGET_NAME = "gymwatch Watch App";
				WATCHOS_DEPLOYMENT_TARGET = 9.4;
			};
			name = Release;
		};
/* End XCBuildConfiguration section */

/* Begin XCConfigurationList section */
		C192BF132A2A976A00982F33 /* Build configuration list for PBXProject "microworkout" */ = {
			isa = XCConfigurationList;
			buildConfigurations = (
				C192BF3F2A2A976C00982F33 /* Debug */,
				C192BF402A2A976C00982F33 /* Release */,
			);
			defaultConfigurationIsVisible = 0;
			defaultConfigurationName = Release;
		};
		C192BF412A2A976C00982F33 /* Build configuration list for PBXNativeTarget "microworkout" */ = {
			isa = XCConfigurationList;
			buildConfigurations = (
				C192BF422A2A976C00982F33 /* Debug */,
				C192BF432A2A976C00982F33 /* Release */,
			);
			defaultConfigurationIsVisible = 0;
			defaultConfigurationName = Release;
		};
		C192BF442A2A976C00982F33 /* Build configuration list for PBXNativeTarget "microworkoutTests" */ = {
			isa = XCConfigurationList;
			buildConfigurations = (
				C192BF452A2A976C00982F33 /* Debug */,
				C192BF462A2A976C00982F33 /* Release */,
			);
			defaultConfigurationIsVisible = 0;
			defaultConfigurationName = Release;
		};
		C192BF472A2A976C00982F33 /* Build configuration list for PBXNativeTarget "microworkoutUITests" */ = {
			isa = XCConfigurationList;
			buildConfigurations = (
				C192BF482A2A976C00982F33 /* Debug */,
				C192BF492A2A976C00982F33 /* Release */,
			);
			defaultConfigurationIsVisible = 0;
			defaultConfigurationName = Release;
		};
		C1F34F8A2A38CD4500233D66 /* Build configuration list for PBXNativeTarget "gymwatch Watch App" */ = {
			isa = XCConfigurationList;
			buildConfigurations = (
				C1F34F842A38CD4500233D66 /* Debug */,
				C1F34F852A38CD4500233D66 /* Release */,
			);
			defaultConfigurationIsVisible = 0;
			defaultConfigurationName = Release;
		};
		C1F34F8B2A38CD4500233D66 /* Build configuration list for PBXNativeTarget "gymwatch Watch AppTests" */ = {
			isa = XCConfigurationList;
			buildConfigurations = (
				C1F34F862A38CD4500233D66 /* Debug */,
				C1F34F872A38CD4500233D66 /* Release */,
			);
			defaultConfigurationIsVisible = 0;
			defaultConfigurationName = Release;
		};
		C1F34F8C2A38CD4500233D66 /* Build configuration list for PBXNativeTarget "gymwatch Watch AppUITests" */ = {
			isa = XCConfigurationList;
			buildConfigurations = (
				C1F34F882A38CD4500233D66 /* Debug */,
				C1F34F892A38CD4500233D66 /* Release */,
			);
			defaultConfigurationIsVisible = 0;
			defaultConfigurationName = Release;
		};
/* End XCConfigurationList section */

/* Begin XCVersionGroup section */
		C192BF262A2A976C00982F33 /* microworkout.xcdatamodeld */ = {
			isa = XCVersionGroup;
			children = (
				C192BF272A2A976C00982F33 /* microworkout.xcdatamodel */,
			);
			currentVersion = C192BF272A2A976C00982F33 /* microworkout.xcdatamodel */;
			path = microworkout.xcdatamodeld;
			sourceTree = "<group>";
			versionGroupType = wrapper.xcdatamodel;
		};
/* End XCVersionGroup section */
	};
	rootObject = C192BF102A2A976A00982F33 /* Project object */;
}
